
Microsoft Visual Studio Solution File, Format Version 12.00
# Visual Studio Version 16
VisualStudioVersion = 16.0.31005.135
MinimumVisualStudioVersion = 10.0.40219.1
Project("{FAE04EC0-301F-11D3-BF4B-00C04F79EFBC}") = "CandidateTesting.VictorHugoPortoFerreira.NoName", "CandidateTesting.VictorHugoPortoFerreira.NoName.csproj", "{4C522622-F7CF-415F-A22F-765ED2523BFF}"
EndProject
Global
	GlobalSection(SolutionConfigurationPlatforms) = preSolution
		Debug|Any CPU = Debug|Any CPU
		Release|Any CPU = Release|Any CPU
	EndGlobalSection
	GlobalSection(ProjectConfigurationPlatforms) = postSolution
		{4C522622-F7CF-415F-A22F-765ED2523BFF}.Debug|Any CPU.ActiveCfg = Debug|Any CPU
		{4C522622-F7CF-415F-A22F-765ED2523BFF}.Debug|Any CPU.Build.0 = Debug|Any CPU
		{4C522622-F7CF-415F-A22F-765ED2523BFF}.Release|Any CPU.ActiveCfg = Release|Any CPU
		{4C522622-F7CF-415F-A22F-765ED2523BFF}.Release|Any CPU.Build.0 = Release|Any CPU
	EndGlobalSection
	GlobalSection(SolutionProperties) = preSolution
		HideSolutionNode = FALSE
	EndGlobalSection
	GlobalSection(ExtensibilityGlobals) = postSolution
		SolutionGuid = {F38F6EDD-5FA6-4821-92BB-8942E56E32F4}
	EndGlobalSection
EndGlobal
